
Microsoft Visual Studio Solution File, Format Version 12.00
# Visual Studio Version 16
VisualStudioVersion = 16.0.30907.101
MinimumVisualStudioVersion = 10.0.40219.1
Project("{FAE04EC0-301F-11D3-BF4B-00C04F79EFBC}") = "TestInterface2", "TestInterface2\TestInterface2.csproj", "{68C5044F-D43C-4F89-BFA1-F1292C26B18A}"
EndProject
Global
	GlobalSection(SolutionConfigurationPlatforms) = preSolution
		Debug|Any CPU = Debug|Any CPU
		Release|Any CPU = Release|Any CPU
	EndGlobalSection
	GlobalSection(ProjectConfigurationPlatforms) = postSolution
		{68C5044F-D43C-4F89-BFA1-F1292C26B18A}.Debug|Any CPU.ActiveCfg = Debug|Any CPU
		{68C5044F-D43C-4F89-BFA1-F1292C26B18A}.Debug|Any CPU.Build.0 = Debug|Any CPU
		{68C5044F-D43C-4F89-BFA1-F1292C26B18A}.Release|Any CPU.ActiveCfg = Release|Any CPU
		{68C5044F-D43C-4F89-BFA1-F1292C26B18A}.Release|Any CPU.Build.0 = Release|Any CPU
	EndGlobalSection
	GlobalSection(SolutionProperties) = preSolution
		HideSolutionNode = FALSE
	EndGlobalSection
	GlobalSection(ExtensibilityGlobals) = postSolution
		SolutionGuid = {2A3F0F94-8AC6-4100-B1D2-989703DE4295}
	EndGlobalSection
EndGlobal
